
Microsoft Visual Studio Solution File, Format Version 12.00
# Visual Studio Version 16
VisualStudioVersion = 16.0.30011.22
MinimumVisualStudioVersion = 10.0.40219.1
Project("{FAE04EC0-301F-11D3-BF4B-00C04F79EFBC}") = "PryBiblioteca", "PryBiblioteca\PryBiblioteca.csproj", "{3E0B55F5-42BC-4D53-A6EA-EF0029F94632}"
EndProject
Project("{FAE04EC0-301F-11D3-BF4B-00C04F79EFBC}") = "BEUBiblioteca", "BEUBiblioteca\BEUBiblioteca.csproj", "{2786C463-2B1D-4411-8578-4B469783081A}"
EndProject
Global
	GlobalSection(SolutionConfigurationPlatforms) = preSolution
		Debug|Any CPU = Debug|Any CPU
		Release|Any CPU = Release|Any CPU
	EndGlobalSection
	GlobalSection(ProjectConfigurationPlatforms) = postSolution
		{3E0B55F5-42BC-4D53-A6EA-EF0029F94632}.Debug|Any CPU.ActiveCfg = Debug|Any CPU
		{3E0B55F5-42BC-4D53-A6EA-EF0029F94632}.Debug|Any CPU.Build.0 = Debug|Any CPU
		{3E0B55F5-42BC-4D53-A6EA-EF0029F94632}.Release|Any CPU.ActiveCfg = Release|Any CPU
		{3E0B55F5-42BC-4D53-A6EA-EF0029F94632}.Release|Any CPU.Build.0 = Release|Any CPU
		{2786C463-2B1D-4411-8578-4B469783081A}.Debug|Any CPU.ActiveCfg = Debug|Any CPU
		{2786C463-2B1D-4411-8578-4B469783081A}.Debug|Any CPU.Build.0 = Debug|Any CPU
		{2786C463-2B1D-4411-8578-4B469783081A}.Release|Any CPU.ActiveCfg = Release|Any CPU
		{2786C463-2B1D-4411-8578-4B469783081A}.Release|Any CPU.Build.0 = Release|Any CPU
	EndGlobalSection
	GlobalSection(SolutionProperties) = preSolution
		HideSolutionNode = FALSE
	EndGlobalSection
	GlobalSection(ExtensibilityGlobals) = postSolution
		SolutionGuid = {6D02C120-F8AF-41B5-85E4-1374F3ADF011}
	EndGlobalSection
EndGlobal
